
Microsoft Visual Studio Solution File, Format Version 12.00
# Visual Studio Version 16
VisualStudioVersion = 16.0.29326.143
MinimumVisualStudioVersion = 10.0.40219.1
Project("{9A19103F-16F7-4668-BE54-9A1E7A4F7556}") = "BlazorServerApp", "BlazorServerApp\BlazorServerApp.csproj", "{A6C13BB4-1747-4A19-BE36-E5F4F1CC1E57}"
EndProject
Project("{9A19103F-16F7-4668-BE54-9A1E7A4F7556}") = "CuriousDriveRazorLibrary", "CuriousDriveRazorLibrary\CuriousDriveRazorLibrary\CuriousDriveRazorLibrary.csproj", "{036656B5-759F-4001-9D39-AEF33B329BDE}"
EndProject
Global
	GlobalSection(SolutionConfigurationPlatforms) = preSolution
		Debug|Any CPU = Debug|Any CPU
		Release|Any CPU = Release|Any CPU
	EndGlobalSection
	GlobalSection(ProjectConfigurationPlatforms) = postSolution
		{A6C13BB4-1747-4A19-BE36-E5F4F1CC1E57}.Debug|Any CPU.ActiveCfg = Debug|Any CPU
		{A6C13BB4-1747-4A19-BE36-E5F4F1CC1E57}.Debug|Any CPU.Build.0 = Debug|Any CPU
		{A6C13BB4-1747-4A19-BE36-E5F4F1CC1E57}.Release|Any CPU.ActiveCfg = Release|Any CPU
		{A6C13BB4-1747-4A19-BE36-E5F4F1CC1E57}.Release|Any CPU.Build.0 = Release|Any CPU
		{036656B5-759F-4001-9D39-AEF33B329BDE}.Debug|Any CPU.ActiveCfg = Debug|Any CPU
		{036656B5-759F-4001-9D39-AEF33B329BDE}.Debug|Any CPU.Build.0 = Debug|Any CPU
		{036656B5-759F-4001-9D39-AEF33B329BDE}.Release|Any CPU.ActiveCfg = Release|Any CPU
		{036656B5-759F-4001-9D39-AEF33B329BDE}.Release|Any CPU.Build.0 = Release|Any CPU
	EndGlobalSection
	GlobalSection(SolutionProperties) = preSolution
		HideSolutionNode = FALSE
	EndGlobalSection
	GlobalSection(ExtensibilityGlobals) = postSolution
		SolutionGuid = {B3BA98B5-1292-4E40-AA44-701F0AC19667}
	EndGlobalSection
EndGlobal
