
Microsoft Visual Studio Solution File, Format Version 12.00
# Visual Studio Version 16
VisualStudioVersion = 16.0.29509.3
MinimumVisualStudioVersion = 10.0.40219.1
Project("{FAE04EC0-301F-11D3-BF4B-00C04F79EFBC}") = "BookStoresWebAPI", "BookStoresWebAPI\BookStoresWebAPI.csproj", "{F588601B-8E3B-423B-9B8B-D655CBD7C7C9}"
EndProject
Global
	GlobalSection(SolutionConfigurationPlatforms) = preSolution
		Debug|Any CPU = Debug|Any CPU
		Release|Any CPU = Release|Any CPU
	EndGlobalSection
	GlobalSection(ProjectConfigurationPlatforms) = postSolution
		{F588601B-8E3B-423B-9B8B-D655CBD7C7C9}.Debug|Any CPU.ActiveCfg = Debug|Any CPU
		{F588601B-8E3B-423B-9B8B-D655CBD7C7C9}.Debug|Any CPU.Build.0 = Debug|Any CPU
		{F588601B-8E3B-423B-9B8B-D655CBD7C7C9}.Release|Any CPU.ActiveCfg = Release|Any CPU
		{F588601B-8E3B-423B-9B8B-D655CBD7C7C9}.Release|Any CPU.Build.0 = Release|Any CPU
	EndGlobalSection
	GlobalSection(SolutionProperties) = preSolution
		HideSolutionNode = FALSE
	EndGlobalSection
	GlobalSection(ExtensibilityGlobals) = postSolution
		SolutionGuid = {782B6EC5-59BC-4F92-BD80-8FAAC03546BE}
	EndGlobalSection
EndGlobal
